github.com/ebitengine/purego v0.8.3 h1:K+0AjQp63JEZTEMZiwsI9g0+hAMNohwUOtY0RPGexmc=
github.com/ebitengine/purego v0.8.3/go.mod h1:iIjxzd6CiRiOG0UyXP+V1+jWqUXVjPKLAI0mRfJZTmQ=
github.com/jupiterrider/purego-sdl3 v0.0.0-20251207102000-8bd199c0f033 h1:hdH5qAOAxtGyBQs5WukUsHZchRaZKub7lggvj1cUX3w=
github.com/jupiterrider/purego-sdl3 v0.0.0-20251207102000-8bd199c0f033/go.mod h1:pRSNvzaSfMxcVPHP5VKo5VF5SAFp78pPIGlBIoI8KBw=
github.com/netgusto/poly2tri-go v0.0.0-20170716161910-d102ad91854f h1:FZS+KQHU5M3Yz8vfb63b1/mI1/J7auutcFDSWx6l8Vg=
github.com/netgusto/poly2tri-go v0.0.0-20170716161910-d102ad91854f/go.mod h1:8LfVyyP2+2/DB4O1uPRecaaumn7HaYB9zA1LLkcdq9E=
golang.org/x/exp v0.0.0-20240808152545-0cdaa3abc0fa h1:ELnwvuAXPNtPk1TJRuGkI9fDTwym6AYBu0qzT8AcHdI=
golang.org/x/exp v0.0.0-20240808152545-0cdaa3abc0fa/go.mod h1:akd2r19cwCdwSwWeIdzYQGa/EZZyqcOdwWiwj5L5eKQ=
golang.org/x/image v0.19.0 h1:D9FX4QWkLfkeqaC62SonffIIuYdOk/UE2XKUBgRIBIQ=
golang.org/x/image v0.19.0/go.mod h1:y0zrRqlQRWQ5PXaYCOMLTW2fpsxZ8Qh9I/ohnInJEys=
golang.org/x/text v0.17.0 h1:XtiM5bkSOt+ewxlOE/aE/AKEHibwj/6gvWMl9Rsh0Qc=
golang.org/x/text v0.17.0/go.mod h1:BuEKDfySbSR4drPmRPG/7iBdf8hvFMuRexcpahXilzY=
